
Microsoft Visual Studio Solution File, Format Version 12.00
# Visual Studio Version 17
VisualStudioVersion = 17.4.33103.184
MinimumVisualStudioVersion = 10.0.40219.1
Project("{9A19103F-16F7-4668-BE54-9A1E7A4F7556}") = "WasteDisposalManagement", "WasteDisposalManagement\WasteDisposalManagement.csproj", "{383D2E57-C8BB-4DBB-B6F4-5F3C881F5255}"
EndProject
Global
	GlobalSection(SolutionConfigurationPlatforms) = preSolution
		Debug|Any CPU = Debug|Any CPU
		Release|Any CPU = Release|Any CPU
	EndGlobalSection
	GlobalSection(ProjectConfigurationPlatforms) = postSolution
		{383D2E57-C8BB-4DBB-B6F4-5F3C881F5255}.Debug|Any CPU.ActiveCfg = Debug|Any CPU
		{383D2E57-C8BB-4DBB-B6F4-5F3C881F5255}.Debug|Any CPU.Build.0 = Debug|Any CPU
		{383D2E57-C8BB-4DBB-B6F4-5F3C881F5255}.Release|Any CPU.ActiveCfg = Release|Any CPU
		{383D2E57-C8BB-4DBB-B6F4-5F3C881F5255}.Release|Any CPU.Build.0 = Release|Any CPU
	EndGlobalSection
	GlobalSection(SolutionProperties) = preSolution
		HideSolutionNode = FALSE
	EndGlobalSection
	GlobalSection(ExtensibilityGlobals) = postSolution
		SolutionGuid = {ECE36344-03B6-4464-A5C8-7FD344BC9139}
	EndGlobalSection
EndGlobal
